
Microsoft Visual Studio Solution File, Format Version 12.00
# Visual Studio Version 17
VisualStudioVersion = 17.7.34031.279
MinimumVisualStudioVersion = 10.0.40219.1
Project("{FAE04EC0-301F-11D3-BF4B-00C04F79EFBC}") = "Uygulama-I", "Uygulama-I\Uygulama-I.csproj", "{AA4AE735-2A6E-44C3-A1BC-FC7E66715944}"
EndProject
Global
	GlobalSection(SolutionConfigurationPlatforms) = preSolution
		Debug|Any CPU = Debug|Any CPU
		Release|Any CPU = Release|Any CPU
	EndGlobalSection
	GlobalSection(ProjectConfigurationPlatforms) = postSolution
		{AA4AE735-2A6E-44C3-A1BC-FC7E66715944}.Debug|Any CPU.ActiveCfg = Debug|Any CPU
		{AA4AE735-2A6E-44C3-A1BC-FC7E66715944}.Debug|Any CPU.Build.0 = Debug|Any CPU
		{AA4AE735-2A6E-44C3-A1BC-FC7E66715944}.Release|Any CPU.ActiveCfg = Release|Any CPU
		{AA4AE735-2A6E-44C3-A1BC-FC7E66715944}.Release|Any CPU.Build.0 = Release|Any CPU
	EndGlobalSection
	GlobalSection(SolutionProperties) = preSolution
		HideSolutionNode = FALSE
	EndGlobalSection
	GlobalSection(ExtensibilityGlobals) = postSolution
		SolutionGuid = {16FE0739-C6E5-476D-904A-250CF109C9CA}
	EndGlobalSection
EndGlobal
